
Microsoft Visual Studio Solution File, Format Version 12.00
# Visual Studio Version 17
VisualStudioVersion = 17.11.35222.181
MinimumVisualStudioVersion = 10.0.40219.1
Project("{9A19103F-16F7-4668-BE54-9A1E7A4F7556}") = "Cafe.API", "Cafe.API\Cafe.API.csproj", "{F52AED5E-3F82-45E1-B3E4-29BBB436B73E}"
EndProject
Project("{2150E333-8FDC-42A3-9474-1A3956D46DE8}") = "Solution Items", "Solution Items", "{86105D27-BFB3-41F0-993D-425D7FDFEF4D}"
	ProjectSection(SolutionItems) = preProject
		docker-compose.yml = docker-compose.yml
		Dockerfile = Dockerfile
	EndProjectSection
EndProject
Project("{2150E333-8FDC-42A3-9474-1A3956D46DE8}") = "Test", "Test", "{6FD1D53E-DC77-4F12-866E-1F6EE591A468}"
EndProject
Project("{9A19103F-16F7-4668-BE54-9A1E7A4F7556}") = "Cafe.Domain", "Cafe.Domain\Cafe.Domain.csproj", "{DD196770-938D-43F5-8EA8-530AC68FDC56}"
EndProject
Project("{9A19103F-16F7-4668-BE54-9A1E7A4F7556}") = "Cafe.Infrastructure", "Cafe.Infrastructure\Cafe.Infrastructure.csproj", "{E8CCCB63-A5D8-4AF3-A54A-7F5C6942355F}"
EndProject
Project("{9A19103F-16F7-4668-BE54-9A1E7A4F7556}") = "Cafe.Application", "Cafe.Application\Cafe.Application.csproj", "{DAE3DE59-6A4E-4A6D-8741-962427C13CDC}"
EndProject
Project("{9A19103F-16F7-4668-BE54-9A1E7A4F7556}") = "Cafe.Application.Test", "Cafe.Application.Test\Cafe.Application.Test.csproj", "{D1FCC5D3-36B4-4436-B12B-500954D11079}"
EndProject
Global
	GlobalSection(SolutionConfigurationPlatforms) = preSolution
		Debug|Any CPU = Debug|Any CPU
		Release|Any CPU = Release|Any CPU
	EndGlobalSection
	GlobalSection(ProjectConfigurationPlatforms) = postSolution
		{F52AED5E-3F82-45E1-B3E4-29BBB436B73E}.Debug|Any CPU.ActiveCfg = Debug|Any CPU
		{F52AED5E-3F82-45E1-B3E4-29BBB436B73E}.Debug|Any CPU.Build.0 = Debug|Any CPU
		{F52AED5E-3F82-45E1-B3E4-29BBB436B73E}.Release|Any CPU.ActiveCfg = Release|Any CPU
		{F52AED5E-3F82-45E1-B3E4-29BBB436B73E}.Release|Any CPU.Build.0 = Release|Any CPU
		{DD196770-938D-43F5-8EA8-530AC68FDC56}.Debug|Any CPU.ActiveCfg = Debug|Any CPU
		{DD196770-938D-43F5-8EA8-530AC68FDC56}.Debug|Any CPU.Build.0 = Debug|Any CPU
		{DD196770-938D-43F5-8EA8-530AC68FDC56}.Release|Any CPU.ActiveCfg = Release|Any CPU
		{DD196770-938D-43F5-8EA8-530AC68FDC56}.Release|Any CPU.Build.0 = Release|Any CPU
		{E8CCCB63-A5D8-4AF3-A54A-7F5C6942355F}.Debug|Any CPU.ActiveCfg = Debug|Any CPU
		{E8CCCB63-A5D8-4AF3-A54A-7F5C6942355F}.Debug|Any CPU.Build.0 = Debug|Any CPU
		{E8CCCB63-A5D8-4AF3-A54A-7F5C6942355F}.Release|Any CPU.ActiveCfg = Release|Any CPU
		{E8CCCB63-A5D8-4AF3-A54A-7F5C6942355F}.Release|Any CPU.Build.0 = Release|Any CPU
		{DAE3DE59-6A4E-4A6D-8741-962427C13CDC}.Debug|Any CPU.ActiveCfg = Debug|Any CPU
		{DAE3DE59-6A4E-4A6D-8741-962427C13CDC}.Debug|Any CPU.Build.0 = Debug|Any CPU
		{DAE3DE59-6A4E-4A6D-8741-962427C13CDC}.Release|Any CPU.ActiveCfg = Release|Any CPU
		{DAE3DE59-6A4E-4A6D-8741-962427C13CDC}.Release|Any CPU.Build.0 = Release|Any CPU
		{D1FCC5D3-36B4-4436-B12B-500954D11079}.Debug|Any CPU.ActiveCfg = Debug|Any CPU
		{D1FCC5D3-36B4-4436-B12B-500954D11079}.Debug|Any CPU.Build.0 = Debug|Any CPU
		{D1FCC5D3-36B4-4436-B12B-500954D11079}.Release|Any CPU.ActiveCfg = Release|Any CPU
		{D1FCC5D3-36B4-4436-B12B-500954D11079}.Release|Any CPU.Build.0 = Release|Any CPU
	EndGlobalSection
	GlobalSection(SolutionProperties) = preSolution
		HideSolutionNode = FALSE
	EndGlobalSection
	GlobalSection(NestedProjects) = preSolution
		{D1FCC5D3-36B4-4436-B12B-500954D11079} = {6FD1D53E-DC77-4F12-866E-1F6EE591A468}
	EndGlobalSection
	GlobalSection(ExtensibilityGlobals) = postSolution
		SolutionGuid = {40B08F8F-BF74-46AD-9E97-A5A4DF1234CD}
	EndGlobalSection
EndGlobal
